
Microsoft Visual Studio Solution File, Format Version 12.00
# Visual Studio Version 16
VisualStudioVersion = 16.0.30907.101
MinimumVisualStudioVersion = 10.0.40219.1
Project("{FAE04EC0-301F-11D3-BF4B-00C04F79EFBC}") = "Janki", "Janki\Janki.csproj", "{838FFA97-D38F-4C5E-B21A-9098B1898A00}"
EndProject
Project("{9A19103F-16F7-4668-BE54-9A1E7A4F7556}") = "LibAnkiCards", "LibAnkiCards\LibAnkiCards.csproj", "{BA7DDE8E-2AA4-4D39-9888-0A6A5300C449}"
EndProject
Project("{9A19103F-16F7-4668-BE54-9A1E7A4F7556}") = "LibAnkiCardsTests", "LibAnkiCardsTests\LibAnkiCardsTests.csproj", "{718DD09D-00E1-4B1C-B69A-0D41FFC8F009}"
EndProject
Project("{2150E333-8FDC-42A3-9474-1A3956D46DE8}") = "IronPython", "IronPython", "{2696E2EF-B117-484E-899D-3E2178290A33}"
EndProject
Project("{9A19103F-16F7-4668-BE54-9A1E7A4F7556}") = "IronPython", "ironpython3\Src\IronPython\IronPython.csproj", "{E58CAE10-219D-41B1-81FE-585EF9F3D6E2}"
EndProject
Project("{9A19103F-16F7-4668-BE54-9A1E7A4F7556}") = "Microsoft.Dynamic", "ironpython3\Src\DLR\Src\Microsoft.Dynamic\Microsoft.Dynamic.csproj", "{87B6CF28-B632-424C-A866-CA626B868A01}"
EndProject
Project("{9A19103F-16F7-4668-BE54-9A1E7A4F7556}") = "Microsoft.Scripting.Metadata", "ironpython3\Src\DLR\Src\Microsoft.Scripting.Metadata\Microsoft.Scripting.Metadata.csproj", "{3D8C7693-F320-431C-B000-97937C760D9E}"
EndProject
Project("{9A19103F-16F7-4668-BE54-9A1E7A4F7556}") = "Microsoft.Scripting", "ironpython3\Src\DLR\Src\Microsoft.Scripting\Microsoft.Scripting.csproj", "{3DA7DD6C-39FE-43BF-984F-45D56C53EB62}"
EndProject
Project("{9A19103F-16F7-4668-BE54-9A1E7A4F7556}") = "IronPythonAnalyzer", "ironpython3\IronPythonAnalyzer\IronPythonAnalyzer\IronPythonAnalyzer.csproj", "{25FCD872-AB60-4BDD-92F9-8AB89D59F0BB}"
EndProject
Project("{9A19103F-16F7-4668-BE54-9A1E7A4F7556}") = "IronPythonCompiler", "ironpython3\Src\IronPythonCompiler\IronPythonCompiler.csproj", "{573403CB-3985-4506-8408-14C7024AFD7E}"
EndProject
Project("{9A19103F-16F7-4668-BE54-9A1E7A4F7556}") = "DLRPrecompFixer", "DLRPrecompFixer\DLRPrecompFixer.csproj", "{A3BAAAEC-D0ED-4E94-BE78-349F4E3463BA}"
EndProject
Project("{9A19103F-16F7-4668-BE54-9A1E7A4F7556}") = "FakeClosure", "FakeClosure\FakeClosure.csproj", "{616CBAEB-1D22-4C9A-B7D1-6BC036F3D1CD}"
EndProject
Project("{2150E333-8FDC-42A3-9474-1A3956D46DE8}") = "DLRPrecompFixer", "DLRPrecompFixer", "{97EF58DF-9D7D-4623-B8B0-5C23F3E177A2}"
EndProject
Project("{2150E333-8FDC-42A3-9474-1A3956D46DE8}") = "LibAnkiSchedulerStuff", "LibAnkiSchedulerStuff", "{103E5427-6603-42C7-B219-C2FA8D454E5F}"
EndProject
Project("{9A19103F-16F7-4668-BE54-9A1E7A4F7556}") = "LibAnkiScheduler", "LibAnkiScheduler\LibAnkiScheduler.csproj", "{95F88803-85AA-42C6-BEE8-6529EA0C54EF}"
EndProject
Project("{9A19103F-16F7-4668-BE54-9A1E7A4F7556}") = "LibAnkiSchedulerTests", "LibAnkiSchedulerTests\LibAnkiSchedulerTests.csproj", "{EAC8A21C-4D64-4D8D-956E-03C4EE39694F}"
EndProject
Project("{9A19103F-16F7-4668-BE54-9A1E7A4F7556}") = "JankiBusiness", "JankiBusiness\JankiBusiness.csproj", "{EBB3DCAA-6245-488A-8C2C-E78204384CED}"
EndProject
Project("{FAE04EC0-301F-11D3-BF4B-00C04F79EFBC}") = "JankiAvalonia", "JankiAvalonia\JankiAvalonia.csproj", "{963EEA25-DFB0-4083-BB78-477F5CD0F10E}"
EndProject
Project("{9A19103F-16F7-4668-BE54-9A1E7A4F7556}") = "FluentAvalonia", "FluentAvalonia\FluentAvalonia\FluentAvalonia.csproj", "{6F6DC0EE-8376-4221-A592-6D5FA256684B}"
EndProject
Global
	GlobalSection(SolutionConfigurationPlatforms) = preSolution
		Debug|Any CPU = Debug|Any CPU
		Debug|ARM = Debug|ARM
		Debug|ARM64 = Debug|ARM64
		Debug|x64 = Debug|x64
		Debug|x86 = Debug|x86
		Release|Any CPU = Release|Any CPU
		Release|ARM = Release|ARM
		Release|ARM64 = Release|ARM64
		Release|x64 = Release|x64
		Release|x86 = Release|x86
	EndGlobalSection
	GlobalSection(ProjectConfigurationPlatforms) = postSolution
		{838FFA97-D38F-4C5E-B21A-9098B1898A00}.Debug|Any CPU.ActiveCfg = Debug|x86
		{838FFA97-D38F-4C5E-B21A-9098B1898A00}.Debug|ARM.ActiveCfg = Debug|ARM
		{838FFA97-D38F-4C5E-B21A-9098B1898A00}.Debug|ARM.Build.0 = Debug|ARM
		{838FFA97-D38F-4C5E-B21A-9098B1898A00}.Debug|ARM.Deploy.0 = Debug|ARM
		{838FFA97-D38F-4C5E-B21A-9098B1898A00}.Debug|ARM64.ActiveCfg = Debug|ARM64
		{838FFA97-D38F-4C5E-B21A-9098B1898A00}.Debug|ARM64.Build.0 = Debug|ARM64
		{838FFA97-D38F-4C5E-B21A-9098B1898A00}.Debug|ARM64.Deploy.0 = Debug|ARM64
		{838FFA97-D38F-4C5E-B21A-9098B1898A00}.Debug|x64.ActiveCfg = Debug|x64
		{838FFA97-D38F-4C5E-B21A-9098B1898A00}.Debug|x64.Build.0 = Debug|x64
		{838FFA97-D38F-4C5E-B21A-9098B1898A00}.Debug|x64.Deploy.0 = Debug|x64
		{838FFA97-D38F-4C5E-B21A-9098B1898A00}.Debug|x86.ActiveCfg = Debug|x86
		{838FFA97-D38F-4C5E-B21A-9098B1898A00}.Debug|x86.Build.0 = Debug|x86
		{838FFA97-D38F-4C5E-B21A-9098B1898A00}.Debug|x86.Deploy.0 = Debug|x86
		{838FFA97-D38F-4C5E-B21A-9098B1898A00}.Release|Any CPU.ActiveCfg = Release|x86
		{838FFA97-D38F-4C5E-B21A-9098B1898A00}.Release|ARM.ActiveCfg = Release|ARM
		{838FFA97-D38F-4C5E-B21A-9098B1898A00}.Release|ARM.Build.0 = Release|ARM
		{838FFA97-D38F-4C5E-B21A-9098B1898A00}.Release|ARM.Deploy.0 = Release|ARM
		{838FFA97-D38F-4C5E-B21A-9098B1898A00}.Release|ARM64.ActiveCfg = Release|ARM64
		{838FFA97-D38F-4C5E-B21A-9098B1898A00}.Release|ARM64.Build.0 = Release|ARM64
		{838FFA97-D38F-4C5E-B21A-9098B1898A00}.Release|ARM64.Deploy.0 = Release|ARM64
		{838FFA97-D38F-4C5E-B21A-9098B1898A00}.Release|x64.ActiveCfg = Release|x64
		{838FFA97-D38F-4C5E-B21A-9098B1898A00}.Release|x64.Build.0 = Release|x64
		{838FFA97-D38F-4C5E-B21A-9098B1898A00}.Release|x64.Deploy.0 = Release|x64
		{838FFA97-D38F-4C5E-B21A-9098B1898A00}.Release|x86.ActiveCfg = Release|x86
		{838FFA97-D38F-4C5E-B21A-9098B1898A00}.Release|x86.Build.0 = Release|x86
		{838FFA97-D38F-4C5E-B21A-9098B1898A00}.Release|x86.Deploy.0 = Release|x86
		{BA7DDE8E-2AA4-4D39-9888-0A6A5300C449}.Debug|Any CPU.ActiveCfg = Debug|Any CPU
		{BA7DDE8E-2AA4-4D39-9888-0A6A5300C449}.Debug|Any CPU.Build.0 = Debug|Any CPU
		{BA7DDE8E-2AA4-4D39-9888-0A6A5300C449}.Debug|ARM.ActiveCfg = Debug|Any CPU
		{BA7DDE8E-2AA4-4D39-9888-0A6A5300C449}.Debug|ARM.Build.0 = Debug|Any CPU
		{BA7DDE8E-2AA4-4D39-9888-0A6A5300C449}.Debug|ARM64.ActiveCfg = Debug|Any CPU
		{BA7DDE8E-2AA4-4D39-9888-0A6A5300C449}.Debug|ARM64.Build.0 = Debug|Any CPU
		{BA7DDE8E-2AA4-4D39-9888-0A6A5300C449}.Debug|x64.ActiveCfg = Debug|Any CPU
		{BA7DDE8E-2AA4-4D39-9888-0A6A5300C449}.Debug|x64.Build.0 = Debug|Any CPU
		{BA7DDE8E-2AA4-4D39-9888-0A6A5300C449}.Debug|x86.ActiveCfg = Debug|Any CPU
		{BA7DDE8E-2AA4-4D39-9888-0A6A5300C449}.Debug|x86.Build.0 = Debug|Any CPU
		{BA7DDE8E-2AA4-4D39-9888-0A6A5300C449}.Release|Any CPU.ActiveCfg = Release|Any CPU
		{BA7DDE8E-2AA4-4D39-9888-0A6A5300C449}.Release|Any CPU.Build.0 = Release|Any CPU
		{BA7DDE8E-2AA4-4D39-9888-0A6A5300C449}.Release|ARM.ActiveCfg = Release|Any CPU
		{BA7DDE8E-2AA4-4D39-9888-0A6A5300C449}.Release|ARM.Build.0 = Release|Any CPU
		{BA7DDE8E-2AA4-4D39-9888-0A6A5300C449}.Release|ARM64.ActiveCfg = Release|Any CPU
		{BA7DDE8E-2AA4-4D39-9888-0A6A5300C449}.Release|ARM64.Build.0 = Release|Any CPU
		{BA7DDE8E-2AA4-4D39-9888-0A6A5300C449}.Release|x64.ActiveCfg = Release|Any CPU
		{BA7DDE8E-2AA4-4D39-9888-0A6A5300C449}.Release|x64.Build.0 = Release|Any CPU
		{BA7DDE8E-2AA4-4D39-9888-0A6A5300C449}.Release|x86.ActiveCfg = Release|Any CPU
		{BA7DDE8E-2AA4-4D39-9888-0A6A5300C449}.Release|x86.Build.0 = Release|Any CPU
		{718DD09D-00E1-4B1C-B69A-0D41FFC8F009}.Debug|Any CPU.ActiveCfg = Debug|Any CPU
		{718DD09D-00E1-4B1C-B69A-0D41FFC8F009}.Debug|Any CPU.Build.0 = Debug|Any CPU
		{718DD09D-00E1-4B1C-B69A-0D41FFC8F009}.Debug|ARM.ActiveCfg = Debug|Any CPU
		{718DD09D-00E1-4B1C-B69A-0D41FFC8F009}.Debug|ARM.Build.0 = Debug|Any CPU
		{718DD09D-00E1-4B1C-B69A-0D41FFC8F009}.Debug|ARM64.ActiveCfg = Debug|Any CPU
		{718DD09D-00E1-4B1C-B69A-0D41FFC8F009}.Debug|ARM64.Build.0 = Debug|Any CPU
		{718DD09D-00E1-4B1C-B69A-0D41FFC8F009}.Debug|x64.ActiveCfg = Debug|Any CPU
		{718DD09D-00E1-4B1C-B69A-0D41FFC8F009}.Debug|x64.Build.0 = Debug|Any CPU
		{718DD09D-00E1-4B1C-B69A-0D41FFC8F009}.Debug|x86.ActiveCfg = Debug|Any CPU
		{718DD09D-00E1-4B1C-B69A-0D41FFC8F009}.Debug|x86.Build.0 = Debug|Any CPU
		{718DD09D-00E1-4B1C-B69A-0D41FFC8F009}.Release|Any CPU.ActiveCfg = Release|Any CPU
		{718DD09D-00E1-4B1C-B69A-0D41FFC8F009}.Release|Any CPU.Build.0 = Release|Any CPU
		{718DD09D-00E1-4B1C-B69A-0D41FFC8F009}.Release|ARM.ActiveCfg = Release|Any CPU
		{718DD09D-00E1-4B1C-B69A-0D41FFC8F009}.Release|ARM.Build.0 = Release|Any CPU
		{718DD09D-00E1-4B1C-B69A-0D41FFC8F009}.Release|ARM64.ActiveCfg = Release|Any CPU
		{718DD09D-00E1-4B1C-B69A-0D41FFC8F009}.Release|ARM64.Build.0 = Release|Any CPU
		{718DD09D-00E1-4B1C-B69A-0D41FFC8F009}.Release|x64.ActiveCfg = Release|Any CPU
		{718DD09D-00E1-4B1C-B69A-0D41FFC8F009}.Release|x64.Build.0 = Release|Any CPU
		{718DD09D-00E1-4B1C-B69A-0D41FFC8F009}.Release|x86.ActiveCfg = Release|Any CPU
		{718DD09D-00E1-4B1C-B69A-0D41FFC8F009}.Release|x86.Build.0 = Release|Any CPU
		{E58CAE10-219D-41B1-81FE-585EF9F3D6E2}.Debug|Any CPU.ActiveCfg = Debug|Any CPU
		{E58CAE10-219D-41B1-81FE-585EF9F3D6E2}.Debug|Any CPU.Build.0 = Debug|Any CPU
		{E58CAE10-219D-41B1-81FE-585EF9F3D6E2}.Debug|ARM.ActiveCfg = Debug|Any CPU
		{E58CAE10-219D-41B1-81FE-585EF9F3D6E2}.Debug|ARM.Build.0 = Debug|Any CPU
		{E58CAE10-219D-41B1-81FE-585EF9F3D6E2}.Debug|ARM64.ActiveCfg = Debug|Any CPU
		{E58CAE10-219D-41B1-81FE-585EF9F3D6E2}.Debug|ARM64.Build.0 = Debug|Any CPU
		{E58CAE10-219D-41B1-81FE-585EF9F3D6E2}.Debug|x64.ActiveCfg = Debug|Any CPU
		{E58CAE10-219D-41B1-81FE-585EF9F3D6E2}.Debug|x64.Build.0 = Debug|Any CPU
		{E58CAE10-219D-41B1-81FE-585EF9F3D6E2}.Debug|x86.ActiveCfg = Debug|Any CPU
		{E58CAE10-219D-41B1-81FE-585EF9F3D6E2}.Debug|x86.Build.0 = Debug|Any CPU
		{E58CAE10-219D-41B1-81FE-585EF9F3D6E2}.Release|Any CPU.ActiveCfg = Release|Any CPU
		{E58CAE10-219D-41B1-81FE-585EF9F3D6E2}.Release|Any CPU.Build.0 = Release|Any CPU
		{E58CAE10-219D-41B1-81FE-585EF9F3D6E2}.Release|ARM.ActiveCfg = Release|Any CPU
		{E58CAE10-219D-41B1-81FE-585EF9F3D6E2}.Release|ARM.Build.0 = Release|Any CPU
		{E58CAE10-219D-41B1-81FE-585EF9F3D6E2}.Release|ARM64.ActiveCfg = Release|Any CPU
		{E58CAE10-219D-41B1-81FE-585EF9F3D6E2}.Release|ARM64.Build.0 = Release|Any CPU
		{E58CAE10-219D-41B1-81FE-585EF9F3D6E2}.Release|x64.ActiveCfg = Release|Any CPU
		{E58CAE10-219D-41B1-81FE-585EF9F3D6E2}.Release|x64.Build.0 = Release|Any CPU
		{E58CAE10-219D-41B1-81FE-585EF9F3D6E2}.Release|x86.ActiveCfg = Release|Any CPU
		{E58CAE10-219D-41B1-81FE-585EF9F3D6E2}.Release|x86.Build.0 = Release|Any CPU
		{87B6CF28-B632-424C-A866-CA626B868A01}.Debug|Any CPU.ActiveCfg = Debug|Any CPU
		{87B6CF28-B632-424C-A866-CA626B868A01}.Debug|Any CPU.Build.0 = Debug|Any CPU
		{87B6CF28-B632-424C-A866-CA626B868A01}.Debug|ARM.ActiveCfg = Debug|Any CPU
		{87B6CF28-B632-424C-A866-CA626B868A01}.Debug|ARM.Build.0 = Debug|Any CPU
		{87B6CF28-B632-424C-A866-CA626B868A01}.Debug|ARM64.ActiveCfg = Debug|Any CPU
		{87B6CF28-B632-424C-A866-CA626B868A01}.Debug|ARM64.Build.0 = Debug|Any CPU
		{87B6CF28-B632-424C-A866-CA626B868A01}.Debug|x64.ActiveCfg = Debug|Any CPU
		{87B6CF28-B632-424C-A866-CA626B868A01}.Debug|x64.Build.0 = Debug|Any CPU
		{87B6CF28-B632-424C-A866-CA626B868A01}.Debug|x86.ActiveCfg = Debug|Any CPU
		{87B6CF28-B632-424C-A866-CA626B868A01}.Debug|x86.Build.0 = Debug|Any CPU
		{87B6CF28-B632-424C-A866-CA626B868A01}.Release|Any CPU.ActiveCfg = Release|Any CPU
		{87B6CF28-B632-424C-A866-CA626B868A01}.Release|Any CPU.Build.0 = Release|Any CPU
		{87B6CF28-B632-424C-A866-CA626B868A01}.Release|ARM.ActiveCfg = Release|Any CPU
		{87B6CF28-B632-424C-A866-CA626B868A01}.Release|ARM.Build.0 = Release|Any CPU
		{87B6CF28-B632-424C-A866-CA626B868A01}.Release|ARM64.ActiveCfg = Release|Any CPU
		{87B6CF28-B632-424C-A866-CA626B868A01}.Release|ARM64.Build.0 = Release|Any CPU
		{87B6CF28-B632-424C-A866-CA626B868A01}.Release|x64.ActiveCfg = Release|Any CPU
		{87B6CF28-B632-424C-A866-CA626B868A01}.Release|x64.Build.0 = Release|Any CPU
		{87B6CF28-B632-424C-A866-CA626B868A01}.Release|x86.ActiveCfg = Release|Any CPU
		{87B6CF28-B632-424C-A866-CA626B868A01}.Release|x86.Build.0 = Release|Any CPU
		{3D8C7693-F320-431C-B000-97937C760D9E}.Debug|Any CPU.ActiveCfg = Debug|Any CPU
		{3D8C7693-F320-431C-B000-97937C760D9E}.Debug|Any CPU.Build.0 = Debug|Any CPU
		{3D8C7693-F320-431C-B000-97937C760D9E}.Debug|ARM.ActiveCfg = Debug|Any CPU
		{3D8C7693-F320-431C-B000-97937C760D9E}.Debug|ARM.Build.0 = Debug|Any CPU
		{3D8C7693-F320-431C-B000-97937C760D9E}.Debug|ARM64.ActiveCfg = Debug|Any CPU
		{3D8C7693-F320-431C-B000-97937C760D9E}.Debug|ARM64.Build.0 = Debug|Any CPU
		{3D8C7693-F320-431C-B000-97937C760D9E}.Debug|x64.ActiveCfg = Debug|Any CPU
		{3D8C7693-F320-431C-B000-97937C760D9E}.Debug|x64.Build.0 = Debug|Any CPU
		{3D8C7693-F320-431C-B000-97937C760D9E}.Debug|x86.ActiveCfg = Debug|Any CPU
		{3D8C7693-F320-431C-B000-97937C760D9E}.Debug|x86.Build.0 = Debug|Any CPU
		{3D8C7693-F320-431C-B000-97937C760D9E}.Release|Any CPU.ActiveCfg = Release|Any CPU
		{3D8C7693-F320-431C-B000-97937C760D9E}.Release|Any CPU.Build.0 = Release|Any CPU
		{3D8C7693-F320-431C-B000-97937C760D9E}.Release|ARM.ActiveCfg = Release|Any CPU
		{3D8C7693-F320-431C-B000-97937C760D9E}.Release|ARM.Build.0 = Release|Any CPU
		{3D8C7693-F320-431C-B000-97937C760D9E}.Release|ARM64.ActiveCfg = Release|Any CPU
		{3D8C7693-F320-431C-B000-97937C760D9E}.Release|ARM64.Build.0 = Release|Any CPU
		{3D8C7693-F320-431C-B000-97937C760D9E}.Release|x64.ActiveCfg = Release|Any CPU
		{3D8C7693-F320-431C-B000-97937C760D9E}.Release|x64.Build.0 = Release|Any CPU
		{3D8C7693-F320-431C-B000-97937C760D9E}.Release|x86.ActiveCfg = Release|Any CPU
		{3D8C7693-F320-431C-B000-97937C760D9E}.Release|x86.Build.0 = Release|Any CPU
		{3DA7DD6C-39FE-43BF-984F-45D56C53EB62}.Debug|Any CPU.ActiveCfg = Debug|Any CPU
		{3DA7DD6C-39FE-43BF-984F-45D56C53EB62}.Debug|Any CPU.Build.0 = Debug|Any CPU
		{3DA7DD6C-39FE-43BF-984F-45D56C53EB62}.Debug|ARM.ActiveCfg = Debug|Any CPU
		{3DA7DD6C-39FE-43BF-984F-45D56C53EB62}.Debug|ARM.Build.0 = Debug|Any CPU
		{3DA7DD6C-39FE-43BF-984F-45D56C53EB62}.Debug|ARM64.ActiveCfg = Debug|Any CPU
		{3DA7DD6C-39FE-43BF-984F-45D56C53EB62}.Debug|ARM64.Build.0 = Debug|Any CPU
		{3DA7DD6C-39FE-43BF-984F-45D56C53EB62}.Debug|x64.ActiveCfg = Debug|Any CPU
		{3DA7DD6C-39FE-43BF-984F-45D56C53EB62}.Debug|x64.Build.0 = Debug|Any CPU
		{3DA7DD6C-39FE-43BF-984F-45D56C53EB62}.Debug|x86.ActiveCfg = Debug|Any CPU
		{3DA7DD6C-39FE-43BF-984F-45D56C53EB62}.Debug|x86.Build.0 = Debug|Any CPU
		{3DA7DD6C-39FE-43BF-984F-45D56C53EB62}.Release|Any CPU.ActiveCfg = Release|Any CPU
		{3DA7DD6C-39FE-43BF-984F-45D56C53EB62}.Release|Any CPU.Build.0 = Release|Any CPU
		{3DA7DD6C-39FE-43BF-984F-45D56C53EB62}.Release|ARM.ActiveCfg = Release|Any CPU
		{3DA7DD6C-39FE-43BF-984F-45D56C53EB62}.Release|ARM.Build.0 = Release|Any CPU
		{3DA7DD6C-39FE-43BF-984F-45D56C53EB62}.Release|ARM64.ActiveCfg = Release|Any CPU
		{3DA7DD6C-39FE-43BF-984F-45D56C53EB62}.Release|ARM64.Build.0 = Release|Any CPU
		{3DA7DD6C-39FE-43BF-984F-45D56C53EB62}.Release|x64.ActiveCfg = Release|Any CPU
		{3DA7DD6C-39FE-43BF-984F-45D56C53EB62}.Release|x64.Build.0 = Release|Any CPU
		{3DA7DD6C-39FE-43BF-984F-45D56C53EB62}.Release|x86.ActiveCfg = Release|Any CPU
		{3DA7DD6C-39FE-43BF-984F-45D56C53EB62}.Release|x86.Build.0 = Release|Any CPU
		{25FCD872-AB60-4BDD-92F9-8AB89D59F0BB}.Debug|Any CPU.ActiveCfg = Debug|Any CPU
		{25FCD872-AB60-4BDD-92F9-8AB89D59F0BB}.Debug|Any CPU.Build.0 = Debug|Any CPU
		{25FCD872-AB60-4BDD-92F9-8AB89D59F0BB}.Debug|ARM.ActiveCfg = Debug|Any CPU
		{25FCD872-AB60-4BDD-92F9-8AB89D59F0BB}.Debug|ARM.Build.0 = Debug|Any CPU
		{25FCD872-AB60-4BDD-92F9-8AB89D59F0BB}.Debug|ARM64.ActiveCfg = Debug|Any CPU
		{25FCD872-AB60-4BDD-92F9-8AB89D59F0BB}.Debug|ARM64.Build.0 = Debug|Any CPU
		{25FCD872-AB60-4BDD-92F9-8AB89D59F0BB}.Debug|x64.ActiveCfg = Debug|Any CPU
		{25FCD872-AB60-4BDD-92F9-8AB89D59F0BB}.Debug|x64.Build.0 = Debug|Any CPU
		{25FCD872-AB60-4BDD-92F9-8AB89D59F0BB}.Debug|x86.ActiveCfg = Debug|Any CPU
		{25FCD872-AB60-4BDD-92F9-8AB89D59F0BB}.Debug|x86.Build.0 = Debug|Any CPU
		{25FCD872-AB60-4BDD-92F9-8AB89D59F0BB}.Release|Any CPU.ActiveCfg = Release|Any CPU
		{25FCD872-AB60-4BDD-92F9-8AB89D59F0BB}.Release|Any CPU.Build.0 = Release|Any CPU
		{25FCD872-AB60-4BDD-92F9-8AB89D59F0BB}.Release|ARM.ActiveCfg = Release|Any CPU
		{25FCD872-AB60-4BDD-92F9-8AB89D59F0BB}.Release|ARM.Build.0 = Release|Any CPU
		{25FCD872-AB60-4BDD-92F9-8AB89D59F0BB}.Release|ARM64.ActiveCfg = Release|Any CPU
		{25FCD872-AB60-4BDD-92F9-8AB89D59F0BB}.Release|ARM64.Build.0 = Release|Any CPU
		{25FCD872-AB60-4BDD-92F9-8AB89D59F0BB}.Release|x64.ActiveCfg = Release|Any CPU
		{25FCD872-AB60-4BDD-92F9-8AB89D59F0BB}.Release|x64.Build.0 = Release|Any CPU
		{25FCD872-AB60-4BDD-92F9-8AB89D59F0BB}.Release|x86.ActiveCfg = Release|Any CPU
		{25FCD872-AB60-4BDD-92F9-8AB89D59F0BB}.Release|x86.Build.0 = Release|Any CPU
		{573403CB-3985-4506-8408-14C7024AFD7E}.Debug|Any CPU.ActiveCfg = Debug|Any CPU
		{573403CB-3985-4506-8408-14C7024AFD7E}.Debug|Any CPU.Build.0 = Debug|Any CPU
		{573403CB-3985-4506-8408-14C7024AFD7E}.Debug|ARM.ActiveCfg = Debug|Any CPU
		{573403CB-3985-4506-8408-14C7024AFD7E}.Debug|ARM.Build.0 = Debug|Any CPU
		{573403CB-3985-4506-8408-14C7024AFD7E}.Debug|ARM64.ActiveCfg = Debug|Any CPU
		{573403CB-3985-4506-8408-14C7024AFD7E}.Debug|ARM64.Build.0 = Debug|Any CPU
		{573403CB-3985-4506-8408-14C7024AFD7E}.Debug|x64.ActiveCfg = Debug|Any CPU
		{573403CB-3985-4506-8408-14C7024AFD7E}.Debug|x64.Build.0 = Debug|Any CPU
		{573403CB-3985-4506-8408-14C7024AFD7E}.Debug|x86.ActiveCfg = Debug|Any CPU
		{573403CB-3985-4506-8408-14C7024AFD7E}.Debug|x86.Build.0 = Debug|Any CPU
		{573403CB-3985-4506-8408-14C7024AFD7E}.Release|Any CPU.ActiveCfg = Release|Any CPU
		{573403CB-3985-4506-8408-14C7024AFD7E}.Release|Any CPU.Build.0 = Release|Any CPU
		{573403CB-3985-4506-8408-14C7024AFD7E}.Release|ARM.ActiveCfg = Release|Any CPU
		{573403CB-3985-4506-8408-14C7024AFD7E}.Release|ARM.Build.0 = Release|Any CPU
		{573403CB-3985-4506-8408-14C7024AFD7E}.Release|ARM64.ActiveCfg = Release|Any CPU
		{573403CB-3985-4506-8408-14C7024AFD7E}.Release|ARM64.Build.0 = Release|Any CPU
		{573403CB-3985-4506-8408-14C7024AFD7E}.Release|x64.ActiveCfg = Release|Any CPU
		{573403CB-3985-4506-8408-14C7024AFD7E}.Release|x64.Build.0 = Release|Any CPU
		{573403CB-3985-4506-8408-14C7024AFD7E}.Release|x86.ActiveCfg = Release|Any CPU
		{573403CB-3985-4506-8408-14C7024AFD7E}.Release|x86.Build.0 = Release|Any CPU
		{A3BAAAEC-D0ED-4E94-BE78-349F4E3463BA}.Debug|Any CPU.ActiveCfg = Debug|Any CPU
		{A3BAAAEC-D0ED-4E94-BE78-349F4E3463BA}.Debug|Any CPU.Build.0 = Debug|Any CPU
		{A3BAAAEC-D0ED-4E94-BE78-349F4E3463BA}.Debug|ARM.ActiveCfg = Debug|Any CPU
		{A3BAAAEC-D0ED-4E94-BE78-349F4E3463BA}.Debug|ARM.Build.0 = Debug|Any CPU
		{A3BAAAEC-D0ED-4E94-BE78-349F4E3463BA}.Debug|ARM64.ActiveCfg = Debug|Any CPU
		{A3BAAAEC-D0ED-4E94-BE78-349F4E3463BA}.Debug|ARM64.Build.0 = Debug|Any CPU
		{A3BAAAEC-D0ED-4E94-BE78-349F4E3463BA}.Debug|x64.ActiveCfg = Debug|Any CPU
		{A3BAAAEC-D0ED-4E94-BE78-349F4E3463BA}.Debug|x64.Build.0 = Debug|Any CPU
		{A3BAAAEC-D0ED-4E94-BE78-349F4E3463BA}.Debug|x86.ActiveCfg = Debug|Any CPU
		{A3BAAAEC-D0ED-4E94-BE78-349F4E3463BA}.Debug|x86.Build.0 = Debug|Any CPU
		{A3BAAAEC-D0ED-4E94-BE78-349F4E3463BA}.Release|Any CPU.ActiveCfg = Release|Any CPU
		{A3BAAAEC-D0ED-4E94-BE78-349F4E3463BA}.Release|Any CPU.Build.0 = Release|Any CPU
		{A3BAAAEC-D0ED-4E94-BE78-349F4E3463BA}.Release|ARM.ActiveCfg = Release|Any CPU
		{A3BAAAEC-D0ED-4E94-BE78-349F4E3463BA}.Release|ARM.Build.0 = Release|Any CPU
		{A3BAAAEC-D0ED-4E94-BE78-349F4E3463BA}.Release|ARM64.ActiveCfg = Release|Any CPU
		{A3BAAAEC-D0ED-4E94-BE78-349F4E3463BA}.Release|ARM64.Build.0 = Release|Any CPU
		{A3BAAAEC-D0ED-4E94-BE78-349F4E3463BA}.Release|x64.ActiveCfg = Release|Any CPU
		{A3BAAAEC-D0ED-4E94-BE78-349F4E3463BA}.Release|x64.Build.0 = Release|Any CPU
		{A3BAAAEC-D0ED-4E94-BE78-349F4E3463BA}.Release|x86.ActiveCfg = Release|Any CPU
		{A3BAAAEC-D0ED-4E94-BE78-349F4E3463BA}.Release|x86.Build.0 = Release|Any CPU
		{616CBAEB-1D22-4C9A-B7D1-6BC036F3D1CD}.Debug|Any CPU.ActiveCfg = Debug|Any CPU
		{616CBAEB-1D22-4C9A-B7D1-6BC036F3D1CD}.Debug|Any CPU.Build.0 = Debug|Any CPU
		{616CBAEB-1D22-4C9A-B7D1-6BC036F3D1CD}.Debug|ARM.ActiveCfg = Debug|Any CPU
		{616CBAEB-1D22-4C9A-B7D1-6BC036F3D1CD}.Debug|ARM.Build.0 = Debug|Any CPU
		{616CBAEB-1D22-4C9A-B7D1-6BC036F3D1CD}.Debug|ARM64.ActiveCfg = Debug|Any CPU
		{616CBAEB-1D22-4C9A-B7D1-6BC036F3D1CD}.Debug|ARM64.Build.0 = Debug|Any CPU
		{616CBAEB-1D22-4C9A-B7D1-6BC036F3D1CD}.Debug|x64.ActiveCfg = Debug|Any CPU
		{616CBAEB-1D22-4C9A-B7D1-6BC036F3D1CD}.Debug|x64.Build.0 = Debug|Any CPU
		{616CBAEB-1D22-4C9A-B7D1-6BC036F3D1CD}.Debug|x86.ActiveCfg = Debug|Any CPU
		{616CBAEB-1D22-4C9A-B7D1-6BC036F3D1CD}.Debug|x86.Build.0 = Debug|Any CPU
		{616CBAEB-1D22-4C9A-B7D1-6BC036F3D1CD}.Release|Any CPU.ActiveCfg = Release|Any CPU
		{616CBAEB-1D22-4C9A-B7D1-6BC036F3D1CD}.Release|Any CPU.Build.0 = Release|Any CPU
		{616CBAEB-1D22-4C9A-B7D1-6BC036F3D1CD}.Release|ARM.ActiveCfg = Release|Any CPU
		{616CBAEB-1D22-4C9A-B7D1-6BC036F3D1CD}.Release|ARM.Build.0 = Release|Any CPU
		{616CBAEB-1D22-4C9A-B7D1-6BC036F3D1CD}.Release|ARM64.ActiveCfg = Release|Any CPU
		{616CBAEB-1D22-4C9A-B7D1-6BC036F3D1CD}.Release|ARM64.Build.0 = Release|Any CPU
		{616CBAEB-1D22-4C9A-B7D1-6BC036F3D1CD}.Release|x64.ActiveCfg = Release|Any CPU
		{616CBAEB-1D22-4C9A-B7D1-6BC036F3D1CD}.Release|x64.Build.0 = Release|Any CPU
		{616CBAEB-1D22-4C9A-B7D1-6BC036F3D1CD}.Release|x86.ActiveCfg = Release|Any CPU
		{616CBAEB-1D22-4C9A-B7D1-6BC036F3D1CD}.Release|x86.Build.0 = Release|Any CPU
		{95F88803-85AA-42C6-BEE8-6529EA0C54EF}.Debug|Any CPU.ActiveCfg = Debug|Any CPU
		{95F88803-85AA-42C6-BEE8-6529EA0C54EF}.Debug|Any CPU.Build.0 = Debug|Any CPU
		{95F88803-85AA-42C6-BEE8-6529EA0C54EF}.Debug|ARM.ActiveCfg = Debug|Any CPU
		{95F88803-85AA-42C6-BEE8-6529EA0C54EF}.Debug|ARM.Build.0 = Debug|Any CPU
		{95F88803-85AA-42C6-BEE8-6529EA0C54EF}.Debug|ARM64.ActiveCfg = Debug|Any CPU
		{95F88803-85AA-42C6-BEE8-6529EA0C54EF}.Debug|ARM64.Build.0 = Debug|Any CPU
		{95F88803-85AA-42C6-BEE8-6529EA0C54EF}.Debug|x64.ActiveCfg = Debug|Any CPU
		{95F88803-85AA-42C6-BEE8-6529EA0C54EF}.Debug|x64.Build.0 = Debug|Any CPU
		{95F88803-85AA-42C6-BEE8-6529EA0C54EF}.Debug|x86.ActiveCfg = Debug|Any CPU
		{95F88803-85AA-42C6-BEE8-6529EA0C54EF}.Debug|x86.Build.0 = Debug|Any CPU
		{95F88803-85AA-42C6-BEE8-6529EA0C54EF}.Release|Any CPU.ActiveCfg = Release|Any CPU
		{95F88803-85AA-42C6-BEE8-6529EA0C54EF}.Release|Any CPU.Build.0 = Release|Any CPU
		{95F88803-85AA-42C6-BEE8-6529EA0C54EF}.Release|ARM.ActiveCfg = Release|Any CPU
		{95F88803-85AA-42C6-BEE8-6529EA0C54EF}.Release|ARM.Build.0 = Release|Any CPU
		{95F88803-85AA-42C6-BEE8-6529EA0C54EF}.Release|ARM64.ActiveCfg = Release|Any CPU
		{95F88803-85AA-42C6-BEE8-6529EA0C54EF}.Release|ARM64.Build.0 = Release|Any CPU
		{95F88803-85AA-42C6-BEE8-6529EA0C54EF}.Release|x64.ActiveCfg = Release|Any CPU
		{95F88803-85AA-42C6-BEE8-6529EA0C54EF}.Release|x64.Build.0 = Release|Any CPU
		{95F88803-85AA-42C6-BEE8-6529EA0C54EF}.Release|x86.ActiveCfg = Release|Any CPU
		{95F88803-85AA-42C6-BEE8-6529EA0C54EF}.Release|x86.Build.0 = Release|Any CPU
		{EAC8A21C-4D64-4D8D-956E-03C4EE39694F}.Debug|Any CPU.ActiveCfg = Debug|Any CPU
		{EAC8A21C-4D64-4D8D-956E-03C4EE39694F}.Debug|Any CPU.Build.0 = Debug|Any CPU
		{EAC8A21C-4D64-4D8D-956E-03C4EE39694F}.Debug|ARM.ActiveCfg = Debug|Any CPU
		{EAC8A21C-4D64-4D8D-956E-03C4EE39694F}.Debug|ARM.Build.0 = Debug|Any CPU
		{EAC8A21C-4D64-4D8D-956E-03C4EE39694F}.Debug|ARM64.ActiveCfg = Debug|Any CPU
		{EAC8A21C-4D64-4D8D-956E-03C4EE39694F}.Debug|ARM64.Build.0 = Debug|Any CPU
		{EAC8A21C-4D64-4D8D-956E-03C4EE39694F}.Debug|x64.ActiveCfg = Debug|Any CPU
		{EAC8A21C-4D64-4D8D-956E-03C4EE39694F}.Debug|x64.Build.0 = Debug|Any CPU
		{EAC8A21C-4D64-4D8D-956E-03C4EE39694F}.Debug|x86.ActiveCfg = Debug|Any CPU
		{EAC8A21C-4D64-4D8D-956E-03C4EE39694F}.Debug|x86.Build.0 = Debug|Any CPU
		{EAC8A21C-4D64-4D8D-956E-03C4EE39694F}.Release|Any CPU.ActiveCfg = Release|Any CPU
		{EAC8A21C-4D64-4D8D-956E-03C4EE39694F}.Release|Any CPU.Build.0 = Release|Any CPU
		{EAC8A21C-4D64-4D8D-956E-03C4EE39694F}.Release|ARM.ActiveCfg = Release|Any CPU
		{EAC8A21C-4D64-4D8D-956E-03C4EE39694F}.Release|ARM.Build.0 = Release|Any CPU
		{EAC8A21C-4D64-4D8D-956E-03C4EE39694F}.Release|ARM64.ActiveCfg = Release|Any CPU
		{EAC8A21C-4D64-4D8D-956E-03C4EE39694F}.Release|ARM64.Build.0 = Release|Any CPU
		{EAC8A21C-4D64-4D8D-956E-03C4EE39694F}.Release|x64.ActiveCfg = Release|Any CPU
		{EAC8A21C-4D64-4D8D-956E-03C4EE39694F}.Release|x64.Build.0 = Release|Any CPU
		{EAC8A21C-4D64-4D8D-956E-03C4EE39694F}.Release|x86.ActiveCfg = Release|Any CPU
		{EAC8A21C-4D64-4D8D-956E-03C4EE39694F}.Release|x86.Build.0 = Release|Any CPU
		{EBB3DCAA-6245-488A-8C2C-E78204384CED}.Debug|Any CPU.ActiveCfg = Debug|Any CPU
		{EBB3DCAA-6245-488A-8C2C-E78204384CED}.Debug|Any CPU.Build.0 = Debug|Any CPU
		{EBB3DCAA-6245-488A-8C2C-E78204384CED}.Debug|ARM.ActiveCfg = Debug|Any CPU
		{EBB3DCAA-6245-488A-8C2C-E78204384CED}.Debug|ARM.Build.0 = Debug|Any CPU
		{EBB3DCAA-6245-488A-8C2C-E78204384CED}.Debug|ARM64.ActiveCfg = Debug|Any CPU
		{EBB3DCAA-6245-488A-8C2C-E78204384CED}.Debug|ARM64.Build.0 = Debug|Any CPU
		{EBB3DCAA-6245-488A-8C2C-E78204384CED}.Debug|x64.ActiveCfg = Debug|Any CPU
		{EBB3DCAA-6245-488A-8C2C-E78204384CED}.Debug|x64.Build.0 = Debug|Any CPU
		{EBB3DCAA-6245-488A-8C2C-E78204384CED}.Debug|x86.ActiveCfg = Debug|Any CPU
		{EBB3DCAA-6245-488A-8C2C-E78204384CED}.Debug|x86.Build.0 = Debug|Any CPU
		{EBB3DCAA-6245-488A-8C2C-E78204384CED}.Release|Any CPU.ActiveCfg = Release|Any CPU
		{EBB3DCAA-6245-488A-8C2C-E78204384CED}.Release|Any CPU.Build.0 = Release|Any CPU
		{EBB3DCAA-6245-488A-8C2C-E78204384CED}.Release|ARM.ActiveCfg = Release|Any CPU
		{EBB3DCAA-6245-488A-8C2C-E78204384CED}.Release|ARM.Build.0 = Release|Any CPU
		{EBB3DCAA-6245-488A-8C2C-E78204384CED}.Release|ARM64.ActiveCfg = Release|Any CPU
		{EBB3DCAA-6245-488A-8C2C-E78204384CED}.Release|ARM64.Build.0 = Release|Any CPU
		{EBB3DCAA-6245-488A-8C2C-E78204384CED}.Release|x64.ActiveCfg = Release|Any CPU
		{EBB3DCAA-6245-488A-8C2C-E78204384CED}.Release|x64.Build.0 = Release|Any CPU
		{EBB3DCAA-6245-488A-8C2C-E78204384CED}.Release|x86.ActiveCfg = Release|Any CPU
		{EBB3DCAA-6245-488A-8C2C-E78204384CED}.Release|x86.Build.0 = Release|Any CPU
		{963EEA25-DFB0-4083-BB78-477F5CD0F10E}.Debug|Any CPU.ActiveCfg = Debug|Any CPU
		{963EEA25-DFB0-4083-BB78-477F5CD0F10E}.Debug|Any CPU.Build.0 = Debug|Any CPU
		{963EEA25-DFB0-4083-BB78-477F5CD0F10E}.Debug|ARM.ActiveCfg = Debug|Any CPU
		{963EEA25-DFB0-4083-BB78-477F5CD0F10E}.Debug|ARM.Build.0 = Debug|Any CPU
		{963EEA25-DFB0-4083-BB78-477F5CD0F10E}.Debug|ARM64.ActiveCfg = Debug|Any CPU
		{963EEA25-DFB0-4083-BB78-477F5CD0F10E}.Debug|ARM64.Build.0 = Debug|Any CPU
		{963EEA25-DFB0-4083-BB78-477F5CD0F10E}.Debug|x64.ActiveCfg = Debug|Any CPU
		{963EEA25-DFB0-4083-BB78-477F5CD0F10E}.Debug|x64.Build.0 = Debug|Any CPU
		{963EEA25-DFB0-4083-BB78-477F5CD0F10E}.Debug|x86.ActiveCfg = Debug|Any CPU
		{963EEA25-DFB0-4083-BB78-477F5CD0F10E}.Debug|x86.Build.0 = Debug|Any CPU
		{963EEA25-DFB0-4083-BB78-477F5CD0F10E}.Release|Any CPU.ActiveCfg = Release|Any CPU
		{963EEA25-DFB0-4083-BB78-477F5CD0F10E}.Release|Any CPU.Build.0 = Release|Any CPU
		{963EEA25-DFB0-4083-BB78-477F5CD0F10E}.Release|ARM.ActiveCfg = Release|Any CPU
		{963EEA25-DFB0-4083-BB78-477F5CD0F10E}.Release|ARM.Build.0 = Release|Any CPU
		{963EEA25-DFB0-4083-BB78-477F5CD0F10E}.Release|ARM64.ActiveCfg = Release|Any CPU
		{963EEA25-DFB0-4083-BB78-477F5CD0F10E}.Release|ARM64.Build.0 = Release|Any CPU
		{963EEA25-DFB0-4083-BB78-477F5CD0F10E}.Release|x64.ActiveCfg = Release|Any CPU
		{963EEA25-DFB0-4083-BB78-477F5CD0F10E}.Release|x64.Build.0 = Release|Any CPU
		{963EEA25-DFB0-4083-BB78-477F5CD0F10E}.Release|x86.ActiveCfg = Release|Any CPU
		{963EEA25-DFB0-4083-BB78-477F5CD0F10E}.Release|x86.Build.0 = Release|Any CPU
		{6F6DC0EE-8376-4221-A592-6D5FA256684B}.Debug|Any CPU.ActiveCfg = Debug|Any CPU
		{6F6DC0EE-8376-4221-A592-6D5FA256684B}.Debug|Any CPU.Build.0 = Debug|Any CPU
		{6F6DC0EE-8376-4221-A592-6D5FA256684B}.Debug|ARM.ActiveCfg = Debug|Any CPU
		{6F6DC0EE-8376-4221-A592-6D5FA256684B}.Debug|ARM.Build.0 = Debug|Any CPU
		{6F6DC0EE-8376-4221-A592-6D5FA256684B}.Debug|ARM64.ActiveCfg = Debug|Any CPU
		{6F6DC0EE-8376-4221-A592-6D5FA256684B}.Debug|ARM64.Build.0 = Debug|Any CPU
		{6F6DC0EE-8376-4221-A592-6D5FA256684B}.Debug|x64.ActiveCfg = Debug|Any CPU
		{6F6DC0EE-8376-4221-A592-6D5FA256684B}.Debug|x64.Build.0 = Debug|Any CPU
		{6F6DC0EE-8376-4221-A592-6D5FA256684B}.Debug|x86.ActiveCfg = Debug|Any CPU
		{6F6DC0EE-8376-4221-A592-6D5FA256684B}.Debug|x86.Build.0 = Debug|Any CPU
		{6F6DC0EE-8376-4221-A592-6D5FA256684B}.Release|Any CPU.ActiveCfg = Release|Any CPU
		{6F6DC0EE-8376-4221-A592-6D5FA256684B}.Release|Any CPU.Build.0 = Release|Any CPU
		{6F6DC0EE-8376-4221-A592-6D5FA256684B}.Release|ARM.ActiveCfg = Release|Any CPU
		{6F6DC0EE-8376-4221-A592-6D5FA256684B}.Release|ARM.Build.0 = Release|Any CPU
		{6F6DC0EE-8376-4221-A592-6D5FA256684B}.Release|ARM64.ActiveCfg = Release|Any CPU
		{6F6DC0EE-8376-4221-A592-6D5FA256684B}.Release|ARM64.Build.0 = Release|Any CPU
		{6F6DC0EE-8376-4221-A592-6D5FA256684B}.Release|x64.ActiveCfg = Release|Any CPU
		{6F6DC0EE-8376-4221-A592-6D5FA256684B}.Release|x64.Build.0 = Release|Any CPU
		{6F6DC0EE-8376-4221-A592-6D5FA256684B}.Release|x86.ActiveCfg = Release|Any CPU
		{6F6DC0EE-8376-4221-A592-6D5FA256684B}.Release|x86.Build.0 = Release|Any CPU
	EndGlobalSection
	GlobalSection(SolutionProperties) = preSolution
		HideSolutionNode = FALSE
	EndGlobalSection
	GlobalSection(NestedProjects) = preSolution
		{2696E2EF-B117-484E-899D-3E2178290A33} = {103E5427-6603-42C7-B219-C2FA8D454E5F}
		{E58CAE10-219D-41B1-81FE-585EF9F3D6E2} = {2696E2EF-B117-484E-899D-3E2178290A33}
		{87B6CF28-B632-424C-A866-CA626B868A01} = {2696E2EF-B117-484E-899D-3E2178290A33}
		{3D8C7693-F320-431C-B000-97937C760D9E} = {2696E2EF-B117-484E-899D-3E2178290A33}
		{3DA7DD6C-39FE-43BF-984F-45D56C53EB62} = {2696E2EF-B117-484E-899D-3E2178290A33}
		{25FCD872-AB60-4BDD-92F9-8AB89D59F0BB} = {2696E2EF-B117-484E-899D-3E2178290A33}
		{573403CB-3985-4506-8408-14C7024AFD7E} = {2696E2EF-B117-484E-899D-3E2178290A33}
		{A3BAAAEC-D0ED-4E94-BE78-349F4E3463BA} = {97EF58DF-9D7D-4623-B8B0-5C23F3E177A2}
		{616CBAEB-1D22-4C9A-B7D1-6BC036F3D1CD} = {97EF58DF-9D7D-4623-B8B0-5C23F3E177A2}
		{97EF58DF-9D7D-4623-B8B0-5C23F3E177A2} = {103E5427-6603-42C7-B219-C2FA8D454E5F}
		{95F88803-85AA-42C6-BEE8-6529EA0C54EF} = {103E5427-6603-42C7-B219-C2FA8D454E5F}
	EndGlobalSection
	GlobalSection(ExtensibilityGlobals) = postSolution
		SolutionGuid = {A75F3443-F744-45AB-9B75-90E2A0B2AD6C}
	EndGlobalSection
EndGlobal
