
Microsoft Visual Studio Solution File, Format Version 12.00
# Visual Studio Version 16
VisualStudioVersion = 16.0.30907.101
MinimumVisualStudioVersion = 10.0.40219.1
Project("{FAE04EC0-301F-11D3-BF4B-00C04F79EFBC}") = "Janki", "Janki\Janki.csproj", "{838FFA97-D38F-4C5E-B21A-9098B1898A00}"
EndProject
Project("{9A19103F-16F7-4668-BE54-9A1E7A4F7556}") = "JankiCards", "JankiCards\JankiCards.csproj", "{BA7DDE8E-2AA4-4D39-9888-0A6A5300C449}"
EndProject
Project("{9A19103F-16F7-4668-BE54-9A1E7A4F7556}") = "JankiBusiness", "JankiBusiness\JankiBusiness.csproj", "{EBB3DCAA-6245-488A-8C2C-E78204384CED}"
EndProject
Project("{9A19103F-16F7-4668-BE54-9A1E7A4F7556}") = "JankiAvalonia", "JankiAvalonia\JankiAvalonia.csproj", "{963EEA25-DFB0-4083-BB78-477F5CD0F10E}"
EndProject
Project("{9A19103F-16F7-4668-BE54-9A1E7A4F7556}") = "FluentAvalonia", "FluentAvalonia\FluentAvalonia\FluentAvalonia.csproj", "{6F6DC0EE-8376-4221-A592-6D5FA256684B}"
EndProject
Project("{9A19103F-16F7-4668-BE54-9A1E7A4F7556}") = "JankiScheduler", "JankiScheduler\JankiScheduler.csproj", "{3C5FF087-2125-44BA-929A-AFAF3FDE4D7F}"
EndProject
Project("{9A19103F-16F7-4668-BE54-9A1E7A4F7556}") = "JankiClientCards", "JankiClientCards\JankiClientCards.csproj", "{D8703ED0-FBB1-474F-9393-FEBE317B8922}"
EndProject
Project("{9A19103F-16F7-4668-BE54-9A1E7A4F7556}") = "JankiWebCards", "JankiWebCards\JankiWebCards.csproj", "{DCAC5D35-4EDC-4D0A-A9F8-79A68797967B}"
EndProject
Project("{9A19103F-16F7-4668-BE54-9A1E7A4F7556}") = "JankiWeb", "JankiWeb\JankiWeb.csproj", "{40A2957A-991C-4341-865E-3637ECA14C73}"
EndProject
Project("{FAE04EC0-301F-11D3-BF4B-00C04F79EFBC}") = "JankiTransfer", "JankiTransfer\JankiTransfer.csproj", "{90555408-0E2A-4A24-BD23-92C56ABB5A46}"
EndProject
Global
	GlobalSection(SolutionConfigurationPlatforms) = preSolution
		Debug|Any CPU = Debug|Any CPU
		Debug|ARM = Debug|ARM
		Debug|ARM64 = Debug|ARM64
		Debug|x64 = Debug|x64
		Debug|x86 = Debug|x86
		Release|Any CPU = Release|Any CPU
		Release|ARM = Release|ARM
		Release|ARM64 = Release|ARM64
		Release|x64 = Release|x64
		Release|x86 = Release|x86
	EndGlobalSection
	GlobalSection(ProjectConfigurationPlatforms) = postSolution
		{838FFA97-D38F-4C5E-B21A-9098B1898A00}.Debug|Any CPU.ActiveCfg = Debug|x86
		{838FFA97-D38F-4C5E-B21A-9098B1898A00}.Debug|ARM.ActiveCfg = Debug|ARM
		{838FFA97-D38F-4C5E-B21A-9098B1898A00}.Debug|ARM.Build.0 = Debug|ARM
		{838FFA97-D38F-4C5E-B21A-9098B1898A00}.Debug|ARM.Deploy.0 = Debug|ARM
		{838FFA97-D38F-4C5E-B21A-9098B1898A00}.Debug|ARM64.ActiveCfg = Debug|ARM64
		{838FFA97-D38F-4C5E-B21A-9098B1898A00}.Debug|ARM64.Build.0 = Debug|ARM64
		{838FFA97-D38F-4C5E-B21A-9098B1898A00}.Debug|ARM64.Deploy.0 = Debug|ARM64
		{838FFA97-D38F-4C5E-B21A-9098B1898A00}.Debug|x64.ActiveCfg = Debug|x64
		{838FFA97-D38F-4C5E-B21A-9098B1898A00}.Debug|x64.Build.0 = Debug|x64
		{838FFA97-D38F-4C5E-B21A-9098B1898A00}.Debug|x64.Deploy.0 = Debug|x64
		{838FFA97-D38F-4C5E-B21A-9098B1898A00}.Debug|x86.ActiveCfg = Debug|x86
		{838FFA97-D38F-4C5E-B21A-9098B1898A00}.Debug|x86.Build.0 = Debug|x86
		{838FFA97-D38F-4C5E-B21A-9098B1898A00}.Debug|x86.Deploy.0 = Debug|x86
		{838FFA97-D38F-4C5E-B21A-9098B1898A00}.Release|Any CPU.ActiveCfg = Release|x86
		{838FFA97-D38F-4C5E-B21A-9098B1898A00}.Release|ARM.ActiveCfg = Release|ARM
		{838FFA97-D38F-4C5E-B21A-9098B1898A00}.Release|ARM.Build.0 = Release|ARM
		{838FFA97-D38F-4C5E-B21A-9098B1898A00}.Release|ARM.Deploy.0 = Release|ARM
		{838FFA97-D38F-4C5E-B21A-9098B1898A00}.Release|ARM64.ActiveCfg = Release|ARM64
		{838FFA97-D38F-4C5E-B21A-9098B1898A00}.Release|ARM64.Build.0 = Release|ARM64
		{838FFA97-D38F-4C5E-B21A-9098B1898A00}.Release|ARM64.Deploy.0 = Release|ARM64
		{838FFA97-D38F-4C5E-B21A-9098B1898A00}.Release|x64.ActiveCfg = Release|x64
		{838FFA97-D38F-4C5E-B21A-9098B1898A00}.Release|x64.Build.0 = Release|x64
		{838FFA97-D38F-4C5E-B21A-9098B1898A00}.Release|x64.Deploy.0 = Release|x64
		{838FFA97-D38F-4C5E-B21A-9098B1898A00}.Release|x86.ActiveCfg = Release|x86
		{838FFA97-D38F-4C5E-B21A-9098B1898A00}.Release|x86.Build.0 = Release|x86
		{838FFA97-D38F-4C5E-B21A-9098B1898A00}.Release|x86.Deploy.0 = Release|x86
		{BA7DDE8E-2AA4-4D39-9888-0A6A5300C449}.Debug|Any CPU.ActiveCfg = Debug|Any CPU
		{BA7DDE8E-2AA4-4D39-9888-0A6A5300C449}.Debug|Any CPU.Build.0 = Debug|Any CPU
		{BA7DDE8E-2AA4-4D39-9888-0A6A5300C449}.Debug|ARM.ActiveCfg = Debug|Any CPU
		{BA7DDE8E-2AA4-4D39-9888-0A6A5300C449}.Debug|ARM.Build.0 = Debug|Any CPU
		{BA7DDE8E-2AA4-4D39-9888-0A6A5300C449}.Debug|ARM64.ActiveCfg = Debug|Any CPU
		{BA7DDE8E-2AA4-4D39-9888-0A6A5300C449}.Debug|ARM64.Build.0 = Debug|Any CPU
		{BA7DDE8E-2AA4-4D39-9888-0A6A5300C449}.Debug|x64.ActiveCfg = Debug|Any CPU
		{BA7DDE8E-2AA4-4D39-9888-0A6A5300C449}.Debug|x64.Build.0 = Debug|Any CPU
		{BA7DDE8E-2AA4-4D39-9888-0A6A5300C449}.Debug|x86.ActiveCfg = Debug|Any CPU
		{BA7DDE8E-2AA4-4D39-9888-0A6A5300C449}.Debug|x86.Build.0 = Debug|Any CPU
		{BA7DDE8E-2AA4-4D39-9888-0A6A5300C449}.Release|Any CPU.ActiveCfg = Release|Any CPU
		{BA7DDE8E-2AA4-4D39-9888-0A6A5300C449}.Release|Any CPU.Build.0 = Release|Any CPU
		{BA7DDE8E-2AA4-4D39-9888-0A6A5300C449}.Release|ARM.ActiveCfg = Release|Any CPU
		{BA7DDE8E-2AA4-4D39-9888-0A6A5300C449}.Release|ARM.Build.0 = Release|Any CPU
		{BA7DDE8E-2AA4-4D39-9888-0A6A5300C449}.Release|ARM64.ActiveCfg = Release|Any CPU
		{BA7DDE8E-2AA4-4D39-9888-0A6A5300C449}.Release|ARM64.Build.0 = Release|Any CPU
		{BA7DDE8E-2AA4-4D39-9888-0A6A5300C449}.Release|x64.ActiveCfg = Release|Any CPU
		{BA7DDE8E-2AA4-4D39-9888-0A6A5300C449}.Release|x64.Build.0 = Release|Any CPU
		{BA7DDE8E-2AA4-4D39-9888-0A6A5300C449}.Release|x86.ActiveCfg = Release|Any CPU
		{BA7DDE8E-2AA4-4D39-9888-0A6A5300C449}.Release|x86.Build.0 = Release|Any CPU
		{EBB3DCAA-6245-488A-8C2C-E78204384CED}.Debug|Any CPU.ActiveCfg = Debug|Any CPU
		{EBB3DCAA-6245-488A-8C2C-E78204384CED}.Debug|Any CPU.Build.0 = Debug|Any CPU
		{EBB3DCAA-6245-488A-8C2C-E78204384CED}.Debug|ARM.ActiveCfg = Debug|Any CPU
		{EBB3DCAA-6245-488A-8C2C-E78204384CED}.Debug|ARM.Build.0 = Debug|Any CPU
		{EBB3DCAA-6245-488A-8C2C-E78204384CED}.Debug|ARM64.ActiveCfg = Debug|Any CPU
		{EBB3DCAA-6245-488A-8C2C-E78204384CED}.Debug|ARM64.Build.0 = Debug|Any CPU
		{EBB3DCAA-6245-488A-8C2C-E78204384CED}.Debug|x64.ActiveCfg = Debug|Any CPU
		{EBB3DCAA-6245-488A-8C2C-E78204384CED}.Debug|x64.Build.0 = Debug|Any CPU
		{EBB3DCAA-6245-488A-8C2C-E78204384CED}.Debug|x86.ActiveCfg = Debug|Any CPU
		{EBB3DCAA-6245-488A-8C2C-E78204384CED}.Debug|x86.Build.0 = Debug|Any CPU
		{EBB3DCAA-6245-488A-8C2C-E78204384CED}.Release|Any CPU.ActiveCfg = Release|Any CPU
		{EBB3DCAA-6245-488A-8C2C-E78204384CED}.Release|Any CPU.Build.0 = Release|Any CPU
		{EBB3DCAA-6245-488A-8C2C-E78204384CED}.Release|ARM.ActiveCfg = Release|Any CPU
		{EBB3DCAA-6245-488A-8C2C-E78204384CED}.Release|ARM.Build.0 = Release|Any CPU
		{EBB3DCAA-6245-488A-8C2C-E78204384CED}.Release|ARM64.ActiveCfg = Release|Any CPU
		{EBB3DCAA-6245-488A-8C2C-E78204384CED}.Release|ARM64.Build.0 = Release|Any CPU
		{EBB3DCAA-6245-488A-8C2C-E78204384CED}.Release|x64.ActiveCfg = Release|Any CPU
		{EBB3DCAA-6245-488A-8C2C-E78204384CED}.Release|x64.Build.0 = Release|Any CPU
		{EBB3DCAA-6245-488A-8C2C-E78204384CED}.Release|x86.ActiveCfg = Release|Any CPU
		{EBB3DCAA-6245-488A-8C2C-E78204384CED}.Release|x86.Build.0 = Release|Any CPU
		{963EEA25-DFB0-4083-BB78-477F5CD0F10E}.Debug|Any CPU.ActiveCfg = Debug|Any CPU
		{963EEA25-DFB0-4083-BB78-477F5CD0F10E}.Debug|Any CPU.Build.0 = Debug|Any CPU
		{963EEA25-DFB0-4083-BB78-477F5CD0F10E}.Debug|ARM.ActiveCfg = Debug|Any CPU
		{963EEA25-DFB0-4083-BB78-477F5CD0F10E}.Debug|ARM.Build.0 = Debug|Any CPU
		{963EEA25-DFB0-4083-BB78-477F5CD0F10E}.Debug|ARM64.ActiveCfg = Debug|Any CPU
		{963EEA25-DFB0-4083-BB78-477F5CD0F10E}.Debug|ARM64.Build.0 = Debug|Any CPU
		{963EEA25-DFB0-4083-BB78-477F5CD0F10E}.Debug|x64.ActiveCfg = Debug|Any CPU
		{963EEA25-DFB0-4083-BB78-477F5CD0F10E}.Debug|x64.Build.0 = Debug|Any CPU
		{963EEA25-DFB0-4083-BB78-477F5CD0F10E}.Debug|x86.ActiveCfg = Debug|Any CPU
		{963EEA25-DFB0-4083-BB78-477F5CD0F10E}.Debug|x86.Build.0 = Debug|Any CPU
		{963EEA25-DFB0-4083-BB78-477F5CD0F10E}.Release|Any CPU.ActiveCfg = Release|Any CPU
		{963EEA25-DFB0-4083-BB78-477F5CD0F10E}.Release|Any CPU.Build.0 = Release|Any CPU
		{963EEA25-DFB0-4083-BB78-477F5CD0F10E}.Release|ARM.ActiveCfg = Release|Any CPU
		{963EEA25-DFB0-4083-BB78-477F5CD0F10E}.Release|ARM.Build.0 = Release|Any CPU
		{963EEA25-DFB0-4083-BB78-477F5CD0F10E}.Release|ARM64.ActiveCfg = Release|Any CPU
		{963EEA25-DFB0-4083-BB78-477F5CD0F10E}.Release|ARM64.Build.0 = Release|Any CPU
		{963EEA25-DFB0-4083-BB78-477F5CD0F10E}.Release|x64.ActiveCfg = Release|Any CPU
		{963EEA25-DFB0-4083-BB78-477F5CD0F10E}.Release|x64.Build.0 = Release|Any CPU
		{963EEA25-DFB0-4083-BB78-477F5CD0F10E}.Release|x86.ActiveCfg = Release|Any CPU
		{963EEA25-DFB0-4083-BB78-477F5CD0F10E}.Release|x86.Build.0 = Release|Any CPU
		{6F6DC0EE-8376-4221-A592-6D5FA256684B}.Debug|Any CPU.ActiveCfg = Debug|Any CPU
		{6F6DC0EE-8376-4221-A592-6D5FA256684B}.Debug|Any CPU.Build.0 = Debug|Any CPU
		{6F6DC0EE-8376-4221-A592-6D5FA256684B}.Debug|ARM.ActiveCfg = Debug|Any CPU
		{6F6DC0EE-8376-4221-A592-6D5FA256684B}.Debug|ARM.Build.0 = Debug|Any CPU
		{6F6DC0EE-8376-4221-A592-6D5FA256684B}.Debug|ARM64.ActiveCfg = Debug|Any CPU
		{6F6DC0EE-8376-4221-A592-6D5FA256684B}.Debug|ARM64.Build.0 = Debug|Any CPU
		{6F6DC0EE-8376-4221-A592-6D5FA256684B}.Debug|x64.ActiveCfg = Debug|Any CPU
		{6F6DC0EE-8376-4221-A592-6D5FA256684B}.Debug|x64.Build.0 = Debug|Any CPU
		{6F6DC0EE-8376-4221-A592-6D5FA256684B}.Debug|x86.ActiveCfg = Debug|Any CPU
		{6F6DC0EE-8376-4221-A592-6D5FA256684B}.Debug|x86.Build.0 = Debug|Any CPU
		{6F6DC0EE-8376-4221-A592-6D5FA256684B}.Release|Any CPU.ActiveCfg = Release|Any CPU
		{6F6DC0EE-8376-4221-A592-6D5FA256684B}.Release|Any CPU.Build.0 = Release|Any CPU
		{6F6DC0EE-8376-4221-A592-6D5FA256684B}.Release|ARM.ActiveCfg = Release|Any CPU
		{6F6DC0EE-8376-4221-A592-6D5FA256684B}.Release|ARM.Build.0 = Release|Any CPU
		{6F6DC0EE-8376-4221-A592-6D5FA256684B}.Release|ARM64.ActiveCfg = Release|Any CPU
		{6F6DC0EE-8376-4221-A592-6D5FA256684B}.Release|ARM64.Build.0 = Release|Any CPU
		{6F6DC0EE-8376-4221-A592-6D5FA256684B}.Release|x64.ActiveCfg = Release|Any CPU
		{6F6DC0EE-8376-4221-A592-6D5FA256684B}.Release|x64.Build.0 = Release|Any CPU
		{6F6DC0EE-8376-4221-A592-6D5FA256684B}.Release|x86.ActiveCfg = Release|Any CPU
		{6F6DC0EE-8376-4221-A592-6D5FA256684B}.Release|x86.Build.0 = Release|Any CPU
		{3C5FF087-2125-44BA-929A-AFAF3FDE4D7F}.Debug|Any CPU.ActiveCfg = Debug|Any CPU
		{3C5FF087-2125-44BA-929A-AFAF3FDE4D7F}.Debug|Any CPU.Build.0 = Debug|Any CPU
		{3C5FF087-2125-44BA-929A-AFAF3FDE4D7F}.Debug|ARM.ActiveCfg = Debug|Any CPU
		{3C5FF087-2125-44BA-929A-AFAF3FDE4D7F}.Debug|ARM.Build.0 = Debug|Any CPU
		{3C5FF087-2125-44BA-929A-AFAF3FDE4D7F}.Debug|ARM64.ActiveCfg = Debug|Any CPU
		{3C5FF087-2125-44BA-929A-AFAF3FDE4D7F}.Debug|ARM64.Build.0 = Debug|Any CPU
		{3C5FF087-2125-44BA-929A-AFAF3FDE4D7F}.Debug|x64.ActiveCfg = Debug|Any CPU
		{3C5FF087-2125-44BA-929A-AFAF3FDE4D7F}.Debug|x64.Build.0 = Debug|Any CPU
		{3C5FF087-2125-44BA-929A-AFAF3FDE4D7F}.Debug|x86.ActiveCfg = Debug|Any CPU
		{3C5FF087-2125-44BA-929A-AFAF3FDE4D7F}.Debug|x86.Build.0 = Debug|Any CPU
		{3C5FF087-2125-44BA-929A-AFAF3FDE4D7F}.Release|Any CPU.ActiveCfg = Release|Any CPU
		{3C5FF087-2125-44BA-929A-AFAF3FDE4D7F}.Release|Any CPU.Build.0 = Release|Any CPU
		{3C5FF087-2125-44BA-929A-AFAF3FDE4D7F}.Release|ARM.ActiveCfg = Release|Any CPU
		{3C5FF087-2125-44BA-929A-AFAF3FDE4D7F}.Release|ARM.Build.0 = Release|Any CPU
		{3C5FF087-2125-44BA-929A-AFAF3FDE4D7F}.Release|ARM64.ActiveCfg = Release|Any CPU
		{3C5FF087-2125-44BA-929A-AFAF3FDE4D7F}.Release|ARM64.Build.0 = Release|Any CPU
		{3C5FF087-2125-44BA-929A-AFAF3FDE4D7F}.Release|x64.ActiveCfg = Release|Any CPU
		{3C5FF087-2125-44BA-929A-AFAF3FDE4D7F}.Release|x64.Build.0 = Release|Any CPU
		{3C5FF087-2125-44BA-929A-AFAF3FDE4D7F}.Release|x86.ActiveCfg = Release|Any CPU
		{3C5FF087-2125-44BA-929A-AFAF3FDE4D7F}.Release|x86.Build.0 = Release|Any CPU
		{D8703ED0-FBB1-474F-9393-FEBE317B8922}.Debug|Any CPU.ActiveCfg = Debug|Any CPU
		{D8703ED0-FBB1-474F-9393-FEBE317B8922}.Debug|Any CPU.Build.0 = Debug|Any CPU
		{D8703ED0-FBB1-474F-9393-FEBE317B8922}.Debug|ARM.ActiveCfg = Debug|Any CPU
		{D8703ED0-FBB1-474F-9393-FEBE317B8922}.Debug|ARM.Build.0 = Debug|Any CPU
		{D8703ED0-FBB1-474F-9393-FEBE317B8922}.Debug|ARM64.ActiveCfg = Debug|Any CPU
		{D8703ED0-FBB1-474F-9393-FEBE317B8922}.Debug|ARM64.Build.0 = Debug|Any CPU
		{D8703ED0-FBB1-474F-9393-FEBE317B8922}.Debug|x64.ActiveCfg = Debug|Any CPU
		{D8703ED0-FBB1-474F-9393-FEBE317B8922}.Debug|x64.Build.0 = Debug|Any CPU
		{D8703ED0-FBB1-474F-9393-FEBE317B8922}.Debug|x86.ActiveCfg = Debug|Any CPU
		{D8703ED0-FBB1-474F-9393-FEBE317B8922}.Debug|x86.Build.0 = Debug|Any CPU
		{D8703ED0-FBB1-474F-9393-FEBE317B8922}.Release|Any CPU.ActiveCfg = Release|Any CPU
		{D8703ED0-FBB1-474F-9393-FEBE317B8922}.Release|Any CPU.Build.0 = Release|Any CPU
		{D8703ED0-FBB1-474F-9393-FEBE317B8922}.Release|ARM.ActiveCfg = Release|Any CPU
		{D8703ED0-FBB1-474F-9393-FEBE317B8922}.Release|ARM.Build.0 = Release|Any CPU
		{D8703ED0-FBB1-474F-9393-FEBE317B8922}.Release|ARM64.ActiveCfg = Release|Any CPU
		{D8703ED0-FBB1-474F-9393-FEBE317B8922}.Release|ARM64.Build.0 = Release|Any CPU
		{D8703ED0-FBB1-474F-9393-FEBE317B8922}.Release|x64.ActiveCfg = Release|Any CPU
		{D8703ED0-FBB1-474F-9393-FEBE317B8922}.Release|x64.Build.0 = Release|Any CPU
		{D8703ED0-FBB1-474F-9393-FEBE317B8922}.Release|x86.ActiveCfg = Release|Any CPU
		{D8703ED0-FBB1-474F-9393-FEBE317B8922}.Release|x86.Build.0 = Release|Any CPU
		{DCAC5D35-4EDC-4D0A-A9F8-79A68797967B}.Debug|Any CPU.ActiveCfg = Debug|Any CPU
		{DCAC5D35-4EDC-4D0A-A9F8-79A68797967B}.Debug|Any CPU.Build.0 = Debug|Any CPU
		{DCAC5D35-4EDC-4D0A-A9F8-79A68797967B}.Debug|ARM.ActiveCfg = Debug|Any CPU
		{DCAC5D35-4EDC-4D0A-A9F8-79A68797967B}.Debug|ARM.Build.0 = Debug|Any CPU
		{DCAC5D35-4EDC-4D0A-A9F8-79A68797967B}.Debug|ARM64.ActiveCfg = Debug|Any CPU
		{DCAC5D35-4EDC-4D0A-A9F8-79A68797967B}.Debug|ARM64.Build.0 = Debug|Any CPU
		{DCAC5D35-4EDC-4D0A-A9F8-79A68797967B}.Debug|x64.ActiveCfg = Debug|Any CPU
		{DCAC5D35-4EDC-4D0A-A9F8-79A68797967B}.Debug|x64.Build.0 = Debug|Any CPU
		{DCAC5D35-4EDC-4D0A-A9F8-79A68797967B}.Debug|x86.ActiveCfg = Debug|Any CPU
		{DCAC5D35-4EDC-4D0A-A9F8-79A68797967B}.Debug|x86.Build.0 = Debug|Any CPU
		{DCAC5D35-4EDC-4D0A-A9F8-79A68797967B}.Release|Any CPU.ActiveCfg = Release|Any CPU
		{DCAC5D35-4EDC-4D0A-A9F8-79A68797967B}.Release|Any CPU.Build.0 = Release|Any CPU
		{DCAC5D35-4EDC-4D0A-A9F8-79A68797967B}.Release|ARM.ActiveCfg = Release|Any CPU
		{DCAC5D35-4EDC-4D0A-A9F8-79A68797967B}.Release|ARM.Build.0 = Release|Any CPU
		{DCAC5D35-4EDC-4D0A-A9F8-79A68797967B}.Release|ARM64.ActiveCfg = Release|Any CPU
		{DCAC5D35-4EDC-4D0A-A9F8-79A68797967B}.Release|ARM64.Build.0 = Release|Any CPU
		{DCAC5D35-4EDC-4D0A-A9F8-79A68797967B}.Release|x64.ActiveCfg = Release|Any CPU
		{DCAC5D35-4EDC-4D0A-A9F8-79A68797967B}.Release|x64.Build.0 = Release|Any CPU
		{DCAC5D35-4EDC-4D0A-A9F8-79A68797967B}.Release|x86.ActiveCfg = Release|Any CPU
		{DCAC5D35-4EDC-4D0A-A9F8-79A68797967B}.Release|x86.Build.0 = Release|Any CPU
		{40A2957A-991C-4341-865E-3637ECA14C73}.Debug|Any CPU.ActiveCfg = Debug|Any CPU
		{40A2957A-991C-4341-865E-3637ECA14C73}.Debug|Any CPU.Build.0 = Debug|Any CPU
		{40A2957A-991C-4341-865E-3637ECA14C73}.Debug|ARM.ActiveCfg = Debug|Any CPU
		{40A2957A-991C-4341-865E-3637ECA14C73}.Debug|ARM.Build.0 = Debug|Any CPU
		{40A2957A-991C-4341-865E-3637ECA14C73}.Debug|ARM64.ActiveCfg = Debug|Any CPU
		{40A2957A-991C-4341-865E-3637ECA14C73}.Debug|ARM64.Build.0 = Debug|Any CPU
		{40A2957A-991C-4341-865E-3637ECA14C73}.Debug|x64.ActiveCfg = Debug|Any CPU
		{40A2957A-991C-4341-865E-3637ECA14C73}.Debug|x64.Build.0 = Debug|Any CPU
		{40A2957A-991C-4341-865E-3637ECA14C73}.Debug|x86.ActiveCfg = Debug|Any CPU
		{40A2957A-991C-4341-865E-3637ECA14C73}.Debug|x86.Build.0 = Debug|Any CPU
		{40A2957A-991C-4341-865E-3637ECA14C73}.Release|Any CPU.ActiveCfg = Release|Any CPU
		{40A2957A-991C-4341-865E-3637ECA14C73}.Release|Any CPU.Build.0 = Release|Any CPU
		{40A2957A-991C-4341-865E-3637ECA14C73}.Release|ARM.ActiveCfg = Release|Any CPU
		{40A2957A-991C-4341-865E-3637ECA14C73}.Release|ARM.Build.0 = Release|Any CPU
		{40A2957A-991C-4341-865E-3637ECA14C73}.Release|ARM64.ActiveCfg = Release|Any CPU
		{40A2957A-991C-4341-865E-3637ECA14C73}.Release|ARM64.Build.0 = Release|Any CPU
		{40A2957A-991C-4341-865E-3637ECA14C73}.Release|x64.ActiveCfg = Release|Any CPU
		{40A2957A-991C-4341-865E-3637ECA14C73}.Release|x64.Build.0 = Release|Any CPU
		{40A2957A-991C-4341-865E-3637ECA14C73}.Release|x86.ActiveCfg = Release|Any CPU
		{40A2957A-991C-4341-865E-3637ECA14C73}.Release|x86.Build.0 = Release|Any CPU
		{90555408-0E2A-4A24-BD23-92C56ABB5A46}.Debug|Any CPU.ActiveCfg = Debug|Any CPU
		{90555408-0E2A-4A24-BD23-92C56ABB5A46}.Debug|Any CPU.Build.0 = Debug|Any CPU
		{90555408-0E2A-4A24-BD23-92C56ABB5A46}.Debug|ARM.ActiveCfg = Debug|Any CPU
		{90555408-0E2A-4A24-BD23-92C56ABB5A46}.Debug|ARM.Build.0 = Debug|Any CPU
		{90555408-0E2A-4A24-BD23-92C56ABB5A46}.Debug|ARM64.ActiveCfg = Debug|Any CPU
		{90555408-0E2A-4A24-BD23-92C56ABB5A46}.Debug|ARM64.Build.0 = Debug|Any CPU
		{90555408-0E2A-4A24-BD23-92C56ABB5A46}.Debug|x64.ActiveCfg = Debug|Any CPU
		{90555408-0E2A-4A24-BD23-92C56ABB5A46}.Debug|x64.Build.0 = Debug|Any CPU
		{90555408-0E2A-4A24-BD23-92C56ABB5A46}.Debug|x86.ActiveCfg = Debug|Any CPU
		{90555408-0E2A-4A24-BD23-92C56ABB5A46}.Debug|x86.Build.0 = Debug|Any CPU
		{90555408-0E2A-4A24-BD23-92C56ABB5A46}.Release|Any CPU.ActiveCfg = Release|Any CPU
		{90555408-0E2A-4A24-BD23-92C56ABB5A46}.Release|Any CPU.Build.0 = Release|Any CPU
		{90555408-0E2A-4A24-BD23-92C56ABB5A46}.Release|ARM.ActiveCfg = Release|Any CPU
		{90555408-0E2A-4A24-BD23-92C56ABB5A46}.Release|ARM.Build.0 = Release|Any CPU
		{90555408-0E2A-4A24-BD23-92C56ABB5A46}.Release|ARM64.ActiveCfg = Release|Any CPU
		{90555408-0E2A-4A24-BD23-92C56ABB5A46}.Release|ARM64.Build.0 = Release|Any CPU
		{90555408-0E2A-4A24-BD23-92C56ABB5A46}.Release|x64.ActiveCfg = Release|Any CPU
		{90555408-0E2A-4A24-BD23-92C56ABB5A46}.Release|x64.Build.0 = Release|Any CPU
		{90555408-0E2A-4A24-BD23-92C56ABB5A46}.Release|x86.ActiveCfg = Release|Any CPU
		{90555408-0E2A-4A24-BD23-92C56ABB5A46}.Release|x86.Build.0 = Release|Any CPU
	EndGlobalSection
	GlobalSection(SolutionProperties) = preSolution
		HideSolutionNode = FALSE
	EndGlobalSection
	GlobalSection(ExtensibilityGlobals) = postSolution
		SolutionGuid = {A75F3443-F744-45AB-9B75-90E2A0B2AD6C}
	EndGlobalSection
EndGlobal
